
Microsoft Visual Studio Solution File, Format Version 12.00
# Visual Studio Version 17
VisualStudioVersion = 17.7.34024.191
MinimumVisualStudioVersion = 10.0.40219.1
Project("{FAE04EC0-301F-11D3-BF4B-00C04F79EFBC}") = "BankingApp.Logic", "BankingApp.Logic\BankingApp.Logic.csproj", "{DF377E0D-C4D8-440B-9B0A-E778C7F0111D}"
EndProject
Project("{FAE04EC0-301F-11D3-BF4B-00C04F79EFBC}") = "BankingApp.Logic.Testing", "BankingApp.Logic.Testing\BankingApp.Logic.Testing.csproj", "{3454D6A8-A011-4974-82A1-3235C0FD8790}"
EndProject
Global
	GlobalSection(SolutionConfigurationPlatforms) = preSolution
		Debug|Any CPU = Debug|Any CPU
		Release|Any CPU = Release|Any CPU
	EndGlobalSection
	GlobalSection(ProjectConfigurationPlatforms) = postSolution
		{DF377E0D-C4D8-440B-9B0A-E778C7F0111D}.Debug|Any CPU.ActiveCfg = Debug|Any CPU
		{DF377E0D-C4D8-440B-9B0A-E778C7F0111D}.Debug|Any CPU.Build.0 = Debug|Any CPU
		{DF377E0D-C4D8-440B-9B0A-E778C7F0111D}.Release|Any CPU.ActiveCfg = Release|Any CPU
		{DF377E0D-C4D8-440B-9B0A-E778C7F0111D}.Release|Any CPU.Build.0 = Release|Any CPU
		{3454D6A8-A011-4974-82A1-3235C0FD8790}.Debug|Any CPU.ActiveCfg = Debug|Any CPU
		{3454D6A8-A011-4974-82A1-3235C0FD8790}.Debug|Any CPU.Build.0 = Debug|Any CPU
		{3454D6A8-A011-4974-82A1-3235C0FD8790}.Release|Any CPU.ActiveCfg = Release|Any CPU
		{3454D6A8-A011-4974-82A1-3235C0FD8790}.Release|Any CPU.Build.0 = Release|Any CPU
	EndGlobalSection
	GlobalSection(SolutionProperties) = preSolution
		HideSolutionNode = FALSE
	EndGlobalSection
	GlobalSection(ExtensibilityGlobals) = postSolution
		SolutionGuid = {3F6EE2DB-C328-4876-87C7-C70F6811D9B9}
	EndGlobalSection
EndGlobal
